
Microsoft Visual Studio Solution File, Format Version 12.00
# Visual Studio 2013
VisualStudioVersion = 12.0.31101.0
MinimumVisualStudioVersion = 10.0.40219.1
Project("{2150E333-8FDC-42A3-9474-1A3956D46DE8}") = "doc", "doc", "{9B9EF3FA-4936-4BFA-AD67-E599C9C6BFE7}"
	ProjectSection(SolutionItems) = preProject
		..\readme.md = ..\readme.md
		..\doc\todolist.md = ..\doc\todolist.md
	EndProjectSection
EndProject
Project("{2150E333-8FDC-42A3-9474-1A3956D46DE8}") = "src", "src", "{4ED133AE-ADB3-4861-8E7B-7A84F84AF6C6}"
EndProject
Project("{FAE04EC0-301F-11D3-BF4B-00C04F79EFBC}") = "NbCloud.Common", "NbCloud.Common\NbCloud.Common.csproj", "{3DF30841-5480-48A5-ACA6-FFB746F9DC00}"
EndProject
Project("{FAE04EC0-301F-11D3-BF4B-00C04F79EFBC}") = "NbCloud.Common.Test", "NbCloud.Common.Test\NbCloud.Common.Test.csproj", "{15738CF2-C461-4AF3-B805-458D12A6CD03}"
EndProject
Project("{FAE04EC0-301F-11D3-BF4B-00C04F79EFBC}") = "NbCloud.Web", "NbCloud.Web\NbCloud.Web.csproj", "{80318706-13D0-48D4-8642-0A400F6BA048}"
EndProject
Project("{FAE04EC0-301F-11D3-BF4B-00C04F79EFBC}") = "NbCloud.Web.Infrastructure", "NbCloud.Web.Infrastructure\NbCloud.Web.Infrastructure.csproj", "{0B12D767-1B0D-418F-9BF5-718094B1676E}"
EndProject
Project("{FAE04EC0-301F-11D3-BF4B-00C04F79EFBC}") = "NbCloud.Web.Infrastructure.Test", "NbCloud.Web.Infrastructure.Test\NbCloud.Web.Infrastructure.Test.csproj", "{83FBB140-891B-4930-A1EE-FFE3C16B555D}"
EndProject
Project("{2150E333-8FDC-42A3-9474-1A3956D46DE8}") = "common", "common", "{7F1BA436-B0B0-4EB3-9D93-12CACE2380D9}"
EndProject
Project("{2150E333-8FDC-42A3-9474-1A3956D46DE8}") = "baselib", "baselib", "{2C16C2DC-4FBF-42C1-8BB4-64DC94E0728D}"
EndProject
Project("{2150E333-8FDC-42A3-9474-1A3956D46DE8}") = "web", "web", "{55136CD6-7436-4CE4-81E5-5D712AABA8F9}"
EndProject
Project("{FAE04EC0-301F-11D3-BF4B-00C04F79EFBC}") = "NbCloud.BaseLib.Systems", "NbCloud.BaseLib.Systems\NbCloud.BaseLib.Systems.csproj", "{130BC71E-97B6-4BEA-99CF-F195A8E656B2}"
EndProject
Project("{FAE04EC0-301F-11D3-BF4B-00C04F79EFBC}") = "NbCloud.BaseLib.Systems.Test", "NbCloud.BaseLib.Systems.Test\NbCloud.BaseLib.Systems.Test.csproj", "{DD6A1A86-BDDE-4EA3-9C60-4C697D784AD7}"
EndProject
Project("{FAE04EC0-301F-11D3-BF4B-00C04F79EFBC}") = "NbCloud.TestLib", "NbCloud.TestLib\NbCloud.TestLib.csproj", "{D5BFCBCA-CFD8-4FB1-9BD5-753ABCA43026}"
EndProject
Project("{FAE04EC0-301F-11D3-BF4B-00C04F79EFBC}") = "NbCloud.BaseLib.Tentants", "NbCloud.BaseLib.Tentants\NbCloud.BaseLib.Tentants.csproj", "{47E8827F-56CA-4163-B0FC-14F268DB8835}"
EndProject
Project("{FAE04EC0-301F-11D3-BF4B-00C04F79EFBC}") = "NbCloud.BaseLib.Tentants.Test", "NbCloud.BaseLib.Tentants.Test\NbCloud.BaseLib.Tentants.Test.csproj", "{804151A9-DAE3-4411-A5F6-A8BE35B751E4}"
EndProject
Project("{FAE04EC0-301F-11D3-BF4B-00C04F79EFBC}") = "NbCloud.BaseLib.Traces", "NbCloud.BaseLib.Traces\NbCloud.BaseLib.Traces.csproj", "{2884BABA-7A34-4EB6-BBB5-0A87D8391CB3}"
EndProject
Project("{FAE04EC0-301F-11D3-BF4B-00C04F79EFBC}") = "NbCloud.BaseLib.Traces.Test", "NbCloud.BaseLib.Traces.Test\NbCloud.BaseLib.Traces.Test.csproj", "{B1AC26D4-44AE-4EAA-A879-EE7524BB21B9}"
EndProject
Global
	GlobalSection(SolutionConfigurationPlatforms) = preSolution
		Debug|Any CPU = Debug|Any CPU
		Release|Any CPU = Release|Any CPU
	EndGlobalSection
	GlobalSection(ProjectConfigurationPlatforms) = postSolution
		{3DF30841-5480-48A5-ACA6-FFB746F9DC00}.Debug|Any CPU.ActiveCfg = Debug|Any CPU
		{3DF30841-5480-48A5-ACA6-FFB746F9DC00}.Debug|Any CPU.Build.0 = Debug|Any CPU
		{3DF30841-5480-48A5-ACA6-FFB746F9DC00}.Release|Any CPU.ActiveCfg = Release|Any CPU
		{3DF30841-5480-48A5-ACA6-FFB746F9DC00}.Release|Any CPU.Build.0 = Release|Any CPU
		{15738CF2-C461-4AF3-B805-458D12A6CD03}.Debug|Any CPU.ActiveCfg = Debug|Any CPU
		{15738CF2-C461-4AF3-B805-458D12A6CD03}.Debug|Any CPU.Build.0 = Debug|Any CPU
		{15738CF2-C461-4AF3-B805-458D12A6CD03}.Release|Any CPU.ActiveCfg = Release|Any CPU
		{15738CF2-C461-4AF3-B805-458D12A6CD03}.Release|Any CPU.Build.0 = Release|Any CPU
		{80318706-13D0-48D4-8642-0A400F6BA048}.Debug|Any CPU.ActiveCfg = Debug|Any CPU
		{80318706-13D0-48D4-8642-0A400F6BA048}.Debug|Any CPU.Build.0 = Debug|Any CPU
		{80318706-13D0-48D4-8642-0A400F6BA048}.Release|Any CPU.ActiveCfg = Release|Any CPU
		{80318706-13D0-48D4-8642-0A400F6BA048}.Release|Any CPU.Build.0 = Release|Any CPU
		{0B12D767-1B0D-418F-9BF5-718094B1676E}.Debug|Any CPU.ActiveCfg = Debug|Any CPU
		{0B12D767-1B0D-418F-9BF5-718094B1676E}.Debug|Any CPU.Build.0 = Debug|Any CPU
		{0B12D767-1B0D-418F-9BF5-718094B1676E}.Release|Any CPU.ActiveCfg = Release|Any CPU
		{0B12D767-1B0D-418F-9BF5-718094B1676E}.Release|Any CPU.Build.0 = Release|Any CPU
		{83FBB140-891B-4930-A1EE-FFE3C16B555D}.Debug|Any CPU.ActiveCfg = Debug|Any CPU
		{83FBB140-891B-4930-A1EE-FFE3C16B555D}.Debug|Any CPU.Build.0 = Debug|Any CPU
		{83FBB140-891B-4930-A1EE-FFE3C16B555D}.Release|Any CPU.ActiveCfg = Release|Any CPU
		{83FBB140-891B-4930-A1EE-FFE3C16B555D}.Release|Any CPU.Build.0 = Release|Any CPU
		{130BC71E-97B6-4BEA-99CF-F195A8E656B2}.Debug|Any CPU.ActiveCfg = Debug|Any CPU
		{130BC71E-97B6-4BEA-99CF-F195A8E656B2}.Debug|Any CPU.Build.0 = Debug|Any CPU
		{130BC71E-97B6-4BEA-99CF-F195A8E656B2}.Release|Any CPU.ActiveCfg = Release|Any CPU
		{130BC71E-97B6-4BEA-99CF-F195A8E656B2}.Release|Any CPU.Build.0 = Release|Any CPU
		{DD6A1A86-BDDE-4EA3-9C60-4C697D784AD7}.Debug|Any CPU.ActiveCfg = Debug|Any CPU
		{DD6A1A86-BDDE-4EA3-9C60-4C697D784AD7}.Debug|Any CPU.Build.0 = Debug|Any CPU
		{DD6A1A86-BDDE-4EA3-9C60-4C697D784AD7}.Release|Any CPU.ActiveCfg = Release|Any CPU
		{DD6A1A86-BDDE-4EA3-9C60-4C697D784AD7}.Release|Any CPU.Build.0 = Release|Any CPU
		{D5BFCBCA-CFD8-4FB1-9BD5-753ABCA43026}.Debug|Any CPU.ActiveCfg = Debug|Any CPU
		{D5BFCBCA-CFD8-4FB1-9BD5-753ABCA43026}.Debug|Any CPU.Build.0 = Debug|Any CPU
		{D5BFCBCA-CFD8-4FB1-9BD5-753ABCA43026}.Release|Any CPU.ActiveCfg = Release|Any CPU
		{D5BFCBCA-CFD8-4FB1-9BD5-753ABCA43026}.Release|Any CPU.Build.0 = Release|Any CPU
		{47E8827F-56CA-4163-B0FC-14F268DB8835}.Debug|Any CPU.ActiveCfg = Debug|Any CPU
		{47E8827F-56CA-4163-B0FC-14F268DB8835}.Debug|Any CPU.Build.0 = Debug|Any CPU
		{47E8827F-56CA-4163-B0FC-14F268DB8835}.Release|Any CPU.ActiveCfg = Release|Any CPU
		{47E8827F-56CA-4163-B0FC-14F268DB8835}.Release|Any CPU.Build.0 = Release|Any CPU
		{804151A9-DAE3-4411-A5F6-A8BE35B751E4}.Debug|Any CPU.ActiveCfg = Debug|Any CPU
		{804151A9-DAE3-4411-A5F6-A8BE35B751E4}.Debug|Any CPU.Build.0 = Debug|Any CPU
		{804151A9-DAE3-4411-A5F6-A8BE35B751E4}.Release|Any CPU.ActiveCfg = Release|Any CPU
		{804151A9-DAE3-4411-A5F6-A8BE35B751E4}.Release|Any CPU.Build.0 = Release|Any CPU
		{2884BABA-7A34-4EB6-BBB5-0A87D8391CB3}.Debug|Any CPU.ActiveCfg = Debug|Any CPU
		{2884BABA-7A34-4EB6-BBB5-0A87D8391CB3}.Debug|Any CPU.Build.0 = Debug|Any CPU
		{2884BABA-7A34-4EB6-BBB5-0A87D8391CB3}.Release|Any CPU.ActiveCfg = Release|Any CPU
		{2884BABA-7A34-4EB6-BBB5-0A87D8391CB3}.Release|Any CPU.Build.0 = Release|Any CPU
		{B1AC26D4-44AE-4EAA-A879-EE7524BB21B9}.Debug|Any CPU.ActiveCfg = Debug|Any CPU
		{B1AC26D4-44AE-4EAA-A879-EE7524BB21B9}.Debug|Any CPU.Build.0 = Debug|Any CPU
		{B1AC26D4-44AE-4EAA-A879-EE7524BB21B9}.Release|Any CPU.ActiveCfg = Release|Any CPU
		{B1AC26D4-44AE-4EAA-A879-EE7524BB21B9}.Release|Any CPU.Build.0 = Release|Any CPU
	EndGlobalSection
	GlobalSection(SolutionProperties) = preSolution
		HideSolutionNode = FALSE
	EndGlobalSection
	GlobalSection(NestedProjects) = preSolution
		{3DF30841-5480-48A5-ACA6-FFB746F9DC00} = {7F1BA436-B0B0-4EB3-9D93-12CACE2380D9}
		{15738CF2-C461-4AF3-B805-458D12A6CD03} = {7F1BA436-B0B0-4EB3-9D93-12CACE2380D9}
		{80318706-13D0-48D4-8642-0A400F6BA048} = {55136CD6-7436-4CE4-81E5-5D712AABA8F9}
		{0B12D767-1B0D-418F-9BF5-718094B1676E} = {55136CD6-7436-4CE4-81E5-5D712AABA8F9}
		{83FBB140-891B-4930-A1EE-FFE3C16B555D} = {55136CD6-7436-4CE4-81E5-5D712AABA8F9}
		{7F1BA436-B0B0-4EB3-9D93-12CACE2380D9} = {4ED133AE-ADB3-4861-8E7B-7A84F84AF6C6}
		{2C16C2DC-4FBF-42C1-8BB4-64DC94E0728D} = {4ED133AE-ADB3-4861-8E7B-7A84F84AF6C6}
		{55136CD6-7436-4CE4-81E5-5D712AABA8F9} = {4ED133AE-ADB3-4861-8E7B-7A84F84AF6C6}
		{130BC71E-97B6-4BEA-99CF-F195A8E656B2} = {2C16C2DC-4FBF-42C1-8BB4-64DC94E0728D}
		{DD6A1A86-BDDE-4EA3-9C60-4C697D784AD7} = {2C16C2DC-4FBF-42C1-8BB4-64DC94E0728D}
		{D5BFCBCA-CFD8-4FB1-9BD5-753ABCA43026} = {7F1BA436-B0B0-4EB3-9D93-12CACE2380D9}
		{47E8827F-56CA-4163-B0FC-14F268DB8835} = {2C16C2DC-4FBF-42C1-8BB4-64DC94E0728D}
		{804151A9-DAE3-4411-A5F6-A8BE35B751E4} = {2C16C2DC-4FBF-42C1-8BB4-64DC94E0728D}
		{2884BABA-7A34-4EB6-BBB5-0A87D8391CB3} = {2C16C2DC-4FBF-42C1-8BB4-64DC94E0728D}
		{B1AC26D4-44AE-4EAA-A879-EE7524BB21B9} = {2C16C2DC-4FBF-42C1-8BB4-64DC94E0728D}
	EndGlobalSection
EndGlobal
